// !$*UTF8*$!
{
	archiveVersion = 1;
	classes = {
	};
	objectVersion = 56;
	objects = {

/* Begin PBXBuildFile section */
		38DC6DB92A781A3E002E89D5 /* AppDelegate.swift in Sources */ = {isa = PBXBuildFile; fileRef = 38DC6DB82A781A3E002E89D5 /* AppDelegate.swift */; };
		38DC6DBB2A781A3E002E89D5 /* SceneDelegate.swift in Sources */ = {isa = PBXBuildFile; fileRef = 38DC6DBA2A781A3E002E89D5 /* SceneDelegate.swift */; };
		38DC6DBD2A781A3E002E89D5 /* HomeVC.swift in Sources */ = {isa = PBXBuildFile; fileRef = 38DC6DBC2A781A3E002E89D5 /* HomeVC.swift */; };
		38DC6DC22A781A40002E89D5 /* Assets.xcassets in Resources */ = {isa = PBXBuildFile; fileRef = 38DC6DC12A781A40002E89D5 /* Assets.xcassets */; };
		38DC6DC52A781A40002E89D5 /* LaunchScreen.storyboard in Resources */ = {isa = PBXBuildFile; fileRef = 38DC6DC32A781A40002E89D5 /* LaunchScreen.storyboard */; };
		38DC6DD02A781B2A002E89D5 /* HomeScreen.swift in Sources */ = {isa = PBXBuildFile; fileRef = 38DC6DCF2A781B2A002E89D5 /* HomeScreen.swift */; };
		38DC6DD32A781E1E002E89D5 /* menuProfile.json in Resources */ = {isa = PBXBuildFile; fileRef = 38DC6DD22A781E1E002E89D5 /* menuProfile.json */; };
		38DC6DD62A7823D4002E89D5 /* MenuProfile.swift in Sources */ = {isa = PBXBuildFile; fileRef = 38DC6DD52A7823D4002E89D5 /* MenuProfile.swift */; };
		38DC6DD92A7826BF002E89D5 /* MenuProfileViewModel.swift in Sources */ = {isa = PBXBuildFile; fileRef = 38DC6DD82A7826BF002E89D5 /* MenuProfileViewModel.swift */; };
		38DC6DDC2A7829E8002E89D5 /* MenuProfileService.swift in Sources */ = {isa = PBXBuildFile; fileRef = 38DC6DDB2A7829E8002E89D5 /* MenuProfileService.swift */; };
		38DC6DDE2A782DE2002E89D5 /* GenericService.swift in Sources */ = {isa = PBXBuildFile; fileRef = 38DC6DDD2A782DE2002E89D5 /* GenericService.swift */; };
		4DAA6027AB4A7290B5B373B6 /* Pods_MenuProfile.framework in Frameworks */ = {isa = PBXBuildFile; fileRef = ACE19C8FF46DB7664A02788D /* Pods_MenuProfile.framework */; };
/* End PBXBuildFile section */

/* Begin PBXFileReference section */
		38DC6DB52A781A3E002E89D5 /* MenuProfile.app */ = {isa = PBXFileReference; explicitFileType = wrapper.application; includeInIndex = 0; path = MenuProfile.app; sourceTree = BUILT_PRODUCTS_DIR; };
		38DC6DB82A781A3E002E89D5 /* AppDelegate.swift */ = {isa = PBXFileReference; lastKnownFileType = sourcecode.swift; path = AppDelegate.swift; sourceTree = "<group>"; };
		38DC6DBA2A781A3E002E89D5 /* SceneDelegate.swift */ = {isa = PBXFileReference; lastKnownFileType = sourcecode.swift; path = SceneDelegate.swift; sourceTree = "<group>"; };
		38DC6DBC2A781A3E002E89D5 /* HomeVC.swift */ = {isa = PBXFileReference; lastKnownFileType = sourcecode.swift; path = HomeVC.swift; sourceTree = "<group>"; };
		38DC6DC12A781A40002E89D5 /* Assets.xcassets */ = {isa = PBXFileReference; lastKnownFileType = folder.assetcatalog; path = Assets.xcassets; sourceTree = "<group>"; };
		38DC6DC42A781A40002E89D5 /* Base */ = {isa = PBXFileReference; lastKnownFileType = file.storyboard; name = Base; path = Base.lproj/LaunchScreen.storyboard; sourceTree = "<group>"; };
		38DC6DC62A781A40002E89D5 /* Info.plist */ = {isa = PBXFileReference; lastKnownFileType = text.plist.xml; path = Info.plist; sourceTree = "<group>"; };
		38DC6DCF2A781B2A002E89D5 /* HomeScreen.swift */ = {isa = PBXFileReference; lastKnownFileType = sourcecode.swift; path = HomeScreen.swift; sourceTree = "<group>"; };
		38DC6DD22A781E1E002E89D5 /* menuProfile.json */ = {isa = PBXFileReference; lastKnownFileType = text.json; path = menuProfile.json; sourceTree = "<group>"; };
		38DC6DD52A7823D4002E89D5 /* MenuProfile.swift */ = {isa = PBXFileReference; lastKnownFileType = sourcecode.swift; path = MenuProfile.swift; sourceTree = "<group>"; };
		38DC6DD82A7826BF002E89D5 /* MenuProfileViewModel.swift */ = {isa = PBXFileReference; lastKnownFileType = sourcecode.swift; path = MenuProfileViewModel.swift; sourceTree = "<group>"; };
		38DC6DDB2A7829E8002E89D5 /* MenuProfileService.swift */ = {isa = PBXFileReference; lastKnownFileType = sourcecode.swift; path = MenuProfileService.swift; sourceTree = "<group>"; };
		38DC6DDD2A782DE2002E89D5 /* GenericService.swift */ = {isa = PBXFileReference; lastKnownFileType = sourcecode.swift; path = GenericService.swift; sourceTree = "<group>"; };
		55C16413D388EE02022A9438 /* Pods-MenuProfile.release.xcconfig */ = {isa = PBXFileReference; includeInIndex = 1; lastKnownFileType = text.xcconfig; name = "Pods-MenuProfile.release.xcconfig"; path = "Target Support Files/Pods-MenuProfile/Pods-MenuProfile.release.xcconfig"; sourceTree = "<group>"; };
		ACE19C8FF46DB7664A02788D /* Pods_MenuProfile.framework */ = {isa = PBXFileReference; explicitFileType = wrapper.framework; includeInIndex = 0; path = Pods_MenuProfile.framework; sourceTree = BUILT_PRODUCTS_DIR; };
		DDA97491E0E3682C802FC29A /* Pods-MenuProfile.debug.xcconfig */ = {isa = PBXFileReference; includeInIndex = 1; lastKnownFileType = text.xcconfig; name = "Pods-MenuProfile.debug.xcconfig"; path = "Target Support Files/Pods-MenuProfile/Pods-MenuProfile.debug.xcconfig"; sourceTree = "<group>"; };
/* End PBXFileReference section */

/* Begin PBXFrameworksBuildPhase section */
		38DC6DB22A781A3E002E89D5 /* Frameworks */ = {
			isa = PBXFrameworksBuildPhase;
			buildActionMask = 2147483647;
			files = (
				4DAA6027AB4A7290B5B373B6 /* Pods_MenuProfile.framework in Frameworks */,
			);
			runOnlyForDeploymentPostprocessing = 0;
		};
/* End PBXFrameworksBuildPhase section */

/* Begin PBXGroup section */
		38776EC82A785B6D00397C88 /* HomeVC */ = {
			isa = PBXGroup;
			children = (
				38DC6DBC2A781A3E002E89D5 /* HomeVC.swift */,
			);
			path = HomeVC;
			sourceTree = "<group>";
		};
		38DC6DAC2A781A3E002E89D5 = {
			isa = PBXGroup;
			children = (
				38DC6DB72A781A3E002E89D5 /* MenuProfile */,
				38DC6DB62A781A3E002E89D5 /* Products */,
				39354086ADA3F206A387F9D0 /* Pods */,
				F922813495DD4DD3B7FB1A52 /* Frameworks */,
			);
			sourceTree = "<group>";
		};
		38DC6DB62A781A3E002E89D5 /* Products */ = {
			isa = PBXGroup;
			children = (
				38DC6DB52A781A3E002E89D5 /* MenuProfile.app */,
			);
			name = Products;
			sourceTree = "<group>";
		};
		38DC6DB72A781A3E002E89D5 /* MenuProfile */ = {
			isa = PBXGroup;
			children = (
				38DC6DB82A781A3E002E89D5 /* AppDelegate.swift */,
				38DC6DBA2A781A3E002E89D5 /* SceneDelegate.swift */,
				38DC6DCC2A781AF7002E89D5 /* src */,
				38DC6DC12A781A40002E89D5 /* Assets.xcassets */,
				38DC6DC32A781A40002E89D5 /* LaunchScreen.storyboard */,
				38DC6DC62A781A40002E89D5 /* Info.plist */,
			);
			path = MenuProfile;
			sourceTree = "<group>";
		};
		38DC6DCC2A781AF7002E89D5 /* src */ = {
			isa = PBXGroup;
			children = (
				38DC6DDA2A7829D3002E89D5 /* Service */,
				38DC6DD12A781DF9002E89D5 /* JSON */,
				38DC6DCD2A781B0D002E89D5 /* Home */,
			);
			path = src;
			sourceTree = "<group>";
		};
		38DC6DCD2A781B0D002E89D5 /* Home */ = {
			isa = PBXGroup;
			children = (
				38DC6DD42A7823C5002E89D5 /* Model */,
				38DC6DD72A7826A4002E89D5 /* HomeViewModel */,
				38DC6DCE2A781B19002E89D5 /* HomeScreen */,
				38776EC82A785B6D00397C88 /* HomeVC */,
			);
			path = Home;
			sourceTree = "<group>";
		};
		38DC6DCE2A781B19002E89D5 /* HomeScreen */ = {
			isa = PBXGroup;
			children = (
				38DC6DCF2A781B2A002E89D5 /* HomeScreen.swift */,
			);
			path = HomeScreen;
			sourceTree = "<group>";
		};
		38DC6DD12A781DF9002E89D5 /* JSON */ = {
			isa = PBXGroup;
			children = (
				38DC6DD22A781E1E002E89D5 /* menuProfile.json */,
			);
			path = JSON;
			sourceTree = "<group>";
		};
		38DC6DD42A7823C5002E89D5 /* Model */ = {
			isa = PBXGroup;
			children = (
				38DC6DD52A7823D4002E89D5 /* MenuProfile.swift */,
			);
			path = Model;
			sourceTree = "<group>";
		};
		38DC6DD72A7826A4002E89D5 /* HomeViewModel */ = {
			isa = PBXGroup;
			children = (
				38DC6DD82A7826BF002E89D5 /* MenuProfileViewModel.swift */,
			);
			path = HomeViewModel;
			sourceTree = "<group>";
		};
		38DC6DDA2A7829D3002E89D5 /* Service */ = {
			isa = PBXGroup;
			children = (
				38DC6DDB2A7829E8002E89D5 /* MenuProfileService.swift */,
				38DC6DDD2A782DE2002E89D5 /* GenericService.swift */,
			);
			path = Service;
			sourceTree = "<group>";
		};
		39354086ADA3F206A387F9D0 /* Pods */ = {
			isa = PBXGroup;
			children = (
				DDA97491E0E3682C802FC29A /* Pods-MenuProfile.debug.xcconfig */,
				55C16413D388EE02022A9438 /* Pods-MenuProfile.release.xcconfig */,
			);
			path = Pods;
			sourceTree = "<group>";
		};
		F922813495DD4DD3B7FB1A52 /* Frameworks */ = {
			isa = PBXGroup;
			children = (
				ACE19C8FF46DB7664A02788D /* Pods_MenuProfile.framework */,
			);
			name = Frameworks;
			sourceTree = "<group>";
		};
/* End PBXGroup section */

/* Begin PBXNativeTarget section */
		38DC6DB42A781A3E002E89D5 /* MenuProfile */ = {
			isa = PBXNativeTarget;
			buildConfigurationList = 38DC6DC92A781A40002E89D5 /* Build configuration list for PBXNativeTarget "MenuProfile" */;
			buildPhases = (
				656BB6092228C6162E8132AD /* [CP] Check Pods Manifest.lock */,
				38DC6DB12A781A3E002E89D5 /* Sources */,
				38DC6DB22A781A3E002E89D5 /* Frameworks */,
				38DC6DB32A781A3E002E89D5 /* Resources */,
				46ABB82A6370EC319FFFF856 /* [CP] Embed Pods Frameworks */,
			);
			buildRules = (
			);
			dependencies = (
			);
			name = MenuProfile;
			productName = MenuProfile;
			productReference = 38DC6DB52A781A3E002E89D5 /* MenuProfile.app */;
			productType = "com.apple.product-type.application";
		};
/* End PBXNativeTarget section */

/* Begin PBXProject section */
		38DC6DAD2A781A3E002E89D5 /* Project object */ = {
			isa = PBXProject;
			attributes = {
				BuildIndependentTargetsInParallel = 1;
				LastSwiftUpdateCheck = 1430;
				LastUpgradeCheck = 1430;
				TargetAttributes = {
					38DC6DB42A781A3E002E89D5 = {
						CreatedOnToolsVersion = 14.3.1;
					};
				};
			};
			buildConfigurationList = 38DC6DB02A781A3E002E89D5 /* Build configuration list for PBXProject "MenuProfile" */;
			compatibilityVersion = "Xcode 14.0";
			developmentRegion = en;
			hasScannedForEncodings = 0;
			knownRegions = (
				en,
				Base,
			);
			mainGroup = 38DC6DAC2A781A3E002E89D5;
			productRefGroup = 38DC6DB62A781A3E002E89D5 /* Products */;
			projectDirPath = "";
			projectRoot = "";
			targets = (
				38DC6DB42A781A3E002E89D5 /* MenuProfile */,
			);
		};
/* End PBXProject section */

/* Begin PBXResourcesBuildPhase section */
		38DC6DB32A781A3E002E89D5 /* Resources */ = {
			isa = PBXResourcesBuildPhase;
			buildActionMask = 2147483647;
			files = (
				38DC6DC52A781A40002E89D5 /* LaunchScreen.storyboard in Resources */,
				38DC6DD32A781E1E002E89D5 /* menuProfile.json in Resources */,
				38DC6DC22A781A40002E89D5 /* Assets.xcassets in Resources */,
			);
			runOnlyForDeploymentPostprocessing = 0;
		};
/* End PBXResourcesBuildPhase section */

/* Begin PBXShellScriptBuildPhase section */
		46ABB82A6370EC319FFFF856 /* [CP] Embed Pods Frameworks */ = {
			isa = PBXShellScriptBuildPhase;
			buildActionMask = 2147483647;
			files = (
			);
			inputFileListPaths = (
				"${PODS_ROOT}/Target Support Files/Pods-MenuProfile/Pods-MenuProfile-frameworks-${CONFIGURATION}-input-files.xcfilelist",
			);
			name = "[CP] Embed Pods Frameworks";
			outputFileListPaths = (
				"${PODS_ROOT}/Target Support Files/Pods-MenuProfile/Pods-MenuProfile-frameworks-${CONFIGURATION}-output-files.xcfilelist",
			);
			runOnlyForDeploymentPostprocessing = 0;
			shellPath = /bin/sh;
			shellScript = "\"${PODS_ROOT}/Target Support Files/Pods-MenuProfile/Pods-MenuProfile-frameworks.sh\"\n";
			showEnvVarsInLog = 0;
		};
		656BB6092228C6162E8132AD /* [CP] Check Pods Manifest.lock */ = {
			isa = PBXShellScriptBuildPhase;
			buildActionMask = 2147483647;
			files = (
			);
			inputFileListPaths = (
			);
			inputPaths = (
				"${PODS_PODFILE_DIR_PATH}/Podfile.lock",
				"${PODS_ROOT}/Manifest.lock",
			);
			name = "[CP] Check Pods Manifest.lock";
			outputFileListPaths = (
			);
			outputPaths = (
				"$(DERIVED_FILE_DIR)/Pods-MenuProfile-checkManifestLockResult.txt",
			);
			runOnlyForDeploymentPostprocessing = 0;
			shellPath = /bin/sh;
			shellScript = "diff \"${PODS_PODFILE_DIR_PATH}/Podfile.lock\" \"${PODS_ROOT}/Manifest.lock\" > /dev/null\nif [ $? != 0 ] ; then\n    # print error to STDERR\n    echo \"error: The sandbox is not in sync with the Podfile.lock. Run 'pod install' or update your CocoaPods installation.\" >&2\n    exit 1\nfi\n# This output is used by Xcode 'outputs' to avoid re-running this script phase.\necho \"SUCCESS\" > \"${SCRIPT_OUTPUT_FILE_0}\"\n";
			showEnvVarsInLog = 0;
		};
/* End PBXShellScriptBuildPhase section */

/* Begin PBXSourcesBuildPhase section */
		38DC6DB12A781A3E002E89D5 /* Sources */ = {
			isa = PBXSourcesBuildPhase;
			buildActionMask = 2147483647;
			files = (
				38DC6DDC2A7829E8002E89D5 /* MenuProfileService.swift in Sources */,
				38DC6DD02A781B2A002E89D5 /* HomeScreen.swift in Sources */,
				38DC6DBD2A781A3E002E89D5 /* HomeVC.swift in Sources */,
				38DC6DB92A781A3E002E89D5 /* AppDelegate.swift in Sources */,
				38DC6DD92A7826BF002E89D5 /* MenuProfileViewModel.swift in Sources */,
				38DC6DDE2A782DE2002E89D5 /* GenericService.swift in Sources */,
				38DC6DBB2A781A3E002E89D5 /* SceneDelegate.swift in Sources */,
				38DC6DD62A7823D4002E89D5 /* MenuProfile.swift in Sources */,
			);
			runOnlyForDeploymentPostprocessing = 0;
		};
/* End PBXSourcesBuildPhase section */

/* Begin PBXVariantGroup section */
		38DC6DC32A781A40002E89D5 /* LaunchScreen.storyboard */ = {
			isa = PBXVariantGroup;
			children = (
				38DC6DC42A781A40002E89D5 /* Base */,
			);
			name = LaunchScreen.storyboard;
			sourceTree = "<group>";
		};
/* End PBXVariantGroup section */

/* Begin XCBuildConfiguration section */
		38DC6DC72A781A40002E89D5 /* Debug */ = {
			isa = XCBuildConfiguration;
			buildSettings = {
				ALWAYS_SEARCH_USER_PATHS = NO;
				CLANG_ANALYZER_NONNULL = YES;
				CLANG_ANALYZER_NUMBER_OBJECT_CONVERSION = YES_AGGRESSIVE;
				CLANG_CXX_LANGUAGE_STANDARD = "gnu++20";
				CLANG_ENABLE_MODULES = YES;
				CLANG_ENABLE_OBJC_ARC = YES;
				CLANG_ENABLE_OBJC_WEAK = YES;
				CLANG_WARN_BLOCK_CAPTURE_AUTORELEASING = YES;
				CLANG_WARN_BOOL_CONVERSION = YES;
				CLANG_WARN_COMMA = YES;
				CLANG_WARN_CONSTANT_CONVERSION = YES;
				CLANG_WARN_DEPRECATED_OBJC_IMPLEMENTATIONS = YES;
				CLANG_WARN_DIRECT_OBJC_ISA_USAGE = YES_ERROR;
				CLANG_WARN_DOCUMENTATION_COMMENTS = YES;
				CLANG_WARN_EMPTY_BODY = YES;
				CLANG_WARN_ENUM_CONVERSION = YES;
				CLANG_WARN_INFINITE_RECURSION = YES;
				CLANG_WARN_INT_CONVERSION = YES;
				CLANG_WARN_NON_LITERAL_NULL_CONVERSION = YES;
				CLANG_WARN_OBJC_IMPLICIT_RETAIN_SELF = YES;
				CLANG_WARN_OBJC_LITERAL_CONVERSION = YES;
				CLANG_WARN_OBJC_ROOT_CLASS = YES_ERROR;
				CLANG_WARN_QUOTED_INCLUDE_IN_FRAMEWORK_HEADER = YES;
				CLANG_WARN_RANGE_LOOP_ANALYSIS = YES;
				CLANG_WARN_STRICT_PROTOTYPES = YES;
				CLANG_WARN_SUSPICIOUS_MOVE = YES;
				CLANG_WARN_UNGUARDED_AVAILABILITY = YES_AGGRESSIVE;
				CLANG_WARN_UNREACHABLE_CODE = YES;
				CLANG_WARN__DUPLICATE_METHOD_MATCH = YES;
				COPY_PHASE_STRIP = NO;
				DEBUG_INFORMATION_FORMAT = dwarf;
				ENABLE_STRICT_OBJC_MSGSEND = YES;
				ENABLE_TESTABILITY = YES;
				GCC_C_LANGUAGE_STANDARD = gnu11;
				GCC_DYNAMIC_NO_PIC = NO;
				GCC_NO_COMMON_BLOCKS = YES;
				GCC_OPTIMIZATION_LEVEL = 0;
				GCC_PREPROCESSOR_DEFINITIONS = (
					"DEBUG=1",
					"$(inherited)",
				);
				GCC_WARN_64_TO_32_BIT_CONVERSION = YES;
				GCC_WARN_ABOUT_RETURN_TYPE = YES_ERROR;
				GCC_WARN_UNDECLARED_SELECTOR = YES;
				GCC_WARN_UNINITIALIZED_AUTOS = YES_AGGRESSIVE;
				GCC_WARN_UNUSED_FUNCTION = YES;
				GCC_WARN_UNUSED_VARIABLE = YES;
				IPHONEOS_DEPLOYMENT_TARGET = 16.4;
				MTL_ENABLE_DEBUG_INFO = INCLUDE_SOURCE;
				MTL_FAST_MATH = YES;
				ONLY_ACTIVE_ARCH = YES;
				SDKROOT = iphoneos;
				SWIFT_ACTIVE_COMPILATION_CONDITIONS = DEBUG;
				SWIFT_OPTIMIZATION_LEVEL = "-Onone";
			};
			name = Debug;
		};
		38DC6DC82A781A40002E89D5 /* Release */ = {
			isa = XCBuildConfiguration;
			buildSettings = {
				ALWAYS_SEARCH_USER_PATHS = NO;
				CLANG_ANALYZER_NONNULL = YES;
				CLANG_ANALYZER_NUMBER_OBJECT_CONVERSION = YES_AGGRESSIVE;
				CLANG_CXX_LANGUAGE_STANDARD = "gnu++20";
				CLANG_ENABLE_MODULES = YES;
				CLANG_ENABLE_OBJC_ARC = YES;
				CLANG_ENABLE_OBJC_WEAK = YES;
				CLANG_WARN_BLOCK_CAPTURE_AUTORELEASING = YES;
				CLANG_WARN_BOOL_CONVERSION = YES;
				CLANG_WARN_COMMA = YES;
				CLANG_WARN_CONSTANT_CONVERSION = YES;
				CLANG_WARN_DEPRECATED_OBJC_IMPLEMENTATIONS = YES;
				CLANG_WARN_DIRECT_OBJC_ISA_USAGE = YES_ERROR;
				CLANG_WARN_DOCUMENTATION_COMMENTS = YES;
				CLANG_WARN_EMPTY_BODY = YES;
				CLANG_WARN_ENUM_CONVERSION = YES;
				CLANG_WARN_INFINITE_RECURSION = YES;
				CLANG_WARN_INT_CONVERSION = YES;
				CLANG_WARN_NON_LITERAL_NULL_CONVERSION = YES;
				CLANG_WARN_OBJC_IMPLICIT_RETAIN_SELF = YES;
				CLANG_WARN_OBJC_LITERAL_CONVERSION = YES;
				CLANG_WARN_OBJC_ROOT_CLASS = YES_ERROR;
				CLANG_WARN_QUOTED_INCLUDE_IN_FRAMEWORK_HEADER = YES;
				CLANG_WARN_RANGE_LOOP_ANALYSIS = YES;
				CLANG_WARN_STRICT_PROTOTYPES = YES;
				CLANG_WARN_SUSPICIOUS_MOVE = YES;
				CLANG_WARN_UNGUARDED_AVAILABILITY = YES_AGGRESSIVE;
				CLANG_WARN_UNREACHABLE_CODE = YES;
				CLANG_WARN__DUPLICATE_METHOD_MATCH = YES;
				COPY_PHASE_STRIP = NO;
				DEBUG_INFORMATION_FORMAT = "dwarf-with-dsym";
				ENABLE_NS_ASSERTIONS = NO;
				ENABLE_STRICT_OBJC_MSGSEND = YES;
				GCC_C_LANGUAGE_STANDARD = gnu11;
				GCC_NO_COMMON_BLOCKS = YES;
				GCC_WARN_64_TO_32_BIT_CONVERSION = YES;
				GCC_WARN_ABOUT_RETURN_TYPE = YES_ERROR;
				GCC_WARN_UNDECLARED_SELECTOR = YES;
				GCC_WARN_UNINITIALIZED_AUTOS = YES_AGGRESSIVE;
				GCC_WARN_UNUSED_FUNCTION = YES;
				GCC_WARN_UNUSED_VARIABLE = YES;
				IPHONEOS_DEPLOYMENT_TARGET = 16.4;
				MTL_ENABLE_DEBUG_INFO = NO;
				MTL_FAST_MATH = YES;
				SDKROOT = iphoneos;
				SWIFT_COMPILATION_MODE = wholemodule;
				SWIFT_OPTIMIZATION_LEVEL = "-O";
				VALIDATE_PRODUCT = YES;
			};
			name = Release;
		};
		38DC6DCA2A781A40002E89D5 /* Debug */ = {
			isa = XCBuildConfiguration;
			baseConfigurationReference = DDA97491E0E3682C802FC29A /* Pods-MenuProfile.debug.xcconfig */;
			buildSettings = {
				ASSETCATALOG_COMPILER_APPICON_NAME = AppIcon;
				ASSETCATALOG_COMPILER_GLOBAL_ACCENT_COLOR_NAME = AccentColor;
				CODE_SIGN_STYLE = Automatic;
				CURRENT_PROJECT_VERSION = 1;
				DEVELOPMENT_TEAM = B4R97N34U3;
				GENERATE_INFOPLIST_FILE = YES;
				INFOPLIST_FILE = MenuProfile/Info.plist;
				INFOPLIST_KEY_UIApplicationSupportsIndirectInputEvents = YES;
				INFOPLIST_KEY_UILaunchStoryboardName = LaunchScreen;
				INFOPLIST_KEY_UIMainStoryboardFile = "";
				INFOPLIST_KEY_UISupportedInterfaceOrientations_iPad = "UIInterfaceOrientationPortrait UIInterfaceOrientationPortraitUpsideDown UIInterfaceOrientationLandscapeLeft UIInterfaceOrientationLandscapeRight";
				INFOPLIST_KEY_UISupportedInterfaceOrientations_iPhone = "UIInterfaceOrientationPortrait UIInterfaceOrientationLandscapeLeft UIInterfaceOrientationLandscapeRight";
				LD_RUNPATH_SEARCH_PATHS = (
					"$(inherited)",
					"@executable_path/Frameworks",
				);
				MARKETING_VERSION = 1.0;
				PRODUCT_BUNDLE_IDENTIFIER = com.a1.MenuProfile;
				PRODUCT_NAME = "$(TARGET_NAME)";
				SUPPORTED_PLATFORMS = "iphoneos iphonesimulator";
				SUPPORTS_MACCATALYST = NO;
				SUPPORTS_MAC_DESIGNED_FOR_IPHONE_IPAD = NO;
				SWIFT_EMIT_LOC_STRINGS = YES;
				SWIFT_VERSION = 5.0;
				TARGETED_DEVICE_FAMILY = 1;
			};
			name = Debug;
		};
		38DC6DCB2A781A40002E89D5 /* Release */ = {
			isa = XCBuildConfiguration;
			baseConfigurationReference = 55C16413D388EE02022A9438 /* Pods-MenuProfile.release.xcconfig */;
			buildSettings = {
				ASSETCATALOG_COMPILER_APPICON_NAME = AppIcon;
				ASSETCATALOG_COMPILER_GLOBAL_ACCENT_COLOR_NAME = AccentColor;
				CODE_SIGN_STYLE = Automatic;
				CURRENT_PROJECT_VERSION = 1;
				DEVELOPMENT_TEAM = B4R97N34U3;
				GENERATE_INFOPLIST_FILE = YES;
				INFOPLIST_FILE = MenuProfile/Info.plist;
				INFOPLIST_KEY_UIApplicationSupportsIndirectInputEvents = YES;
				INFOPLIST_KEY_UILaunchStoryboardName = LaunchScreen;
				INFOPLIST_KEY_UIMainStoryboardFile = "";
				INFOPLIST_KEY_UISupportedInterfaceOrientations_iPad = "UIInterfaceOrientationPortrait UIInterfaceOrientationPortraitUpsideDown UIInterfaceOrientationLandscapeLeft UIInterfaceOrientationLandscapeRight";
				INFOPLIST_KEY_UISupportedInterfaceOrientations_iPhone = "UIInterfaceOrientationPortrait UIInterfaceOrientationLandscapeLeft UIInterfaceOrientationLandscapeRight";
				LD_RUNPATH_SEARCH_PATHS = (
					"$(inherited)",
					"@executable_path/Frameworks",
				);
				MARKETING_VERSION = 1.0;
				PRODUCT_BUNDLE_IDENTIFIER = com.a1.MenuProfile;
				PRODUCT_NAME = "$(TARGET_NAME)";
				SUPPORTED_PLATFORMS = "iphoneos iphonesimulator";
				SUPPORTS_MACCATALYST = NO;
				SUPPORTS_MAC_DESIGNED_FOR_IPHONE_IPAD = NO;
				SWIFT_EMIT_LOC_STRINGS = YES;
				SWIFT_VERSION = 5.0;
				TARGETED_DEVICE_FAMILY = 1;
			};
			name = Release;
		};
/* End XCBuildConfiguration section */

/* Begin XCConfigurationList section */
		38DC6DB02A781A3E002E89D5 /* Build configuration list for PBXProject "MenuProfile" */ = {
			isa = XCConfigurationList;
			buildConfigurations = (
				38DC6DC72A781A40002E89D5 /* Debug */,
				38DC6DC82A781A40002E89D5 /* Release */,
			);
			defaultConfigurationIsVisible = 0;
			defaultConfigurationName = Release;
		};
		38DC6DC92A781A40002E89D5 /* Build configuration list for PBXNativeTarget "MenuProfile" */ = {
			isa = XCConfigurationList;
			buildConfigurations = (
				38DC6DCA2A781A40002E89D5 /* Debug */,
				38DC6DCB2A781A40002E89D5 /* Release */,
			);
			defaultConfigurationIsVisible = 0;
			defaultConfigurationName = Release;
		};
/* End XCConfigurationList section */
	};
	rootObject = 38DC6DAD2A781A3E002E89D5 /* Project object */;
}
